
Microsoft Visual Studio Solution File, Format Version 12.00
# Visual Studio Version 16
VisualStudioVersion = 16.0.30114.105
MinimumVisualStudioVersion = 10.0.40219.1
Project("{FAE04EC0-301F-11D3-BF4B-00C04F79EFBC}") = "Template.Generated.Server", "Template.Generated.Server\Template.Generated.Server.csproj", "{7A1573FC-6827-4900-AA2F-65DB92C0A317}"
EndProject
Project("{FAE04EC0-301F-11D3-BF4B-00C04F79EFBC}") = "Template.Presentation", "Template.Presentation\Template.Presentation.csproj", "{E7495820-54A3-4EE3-9CCA-365C789C949D}"
EndProject
Global
	GlobalSection(SolutionConfigurationPlatforms) = preSolution
		Debug|Any CPU = Debug|Any CPU
		Release|Any CPU = Release|Any CPU
	EndGlobalSection
	GlobalSection(SolutionProperties) = preSolution
		HideSolutionNode = FALSE
	EndGlobalSection
	GlobalSection(ProjectConfigurationPlatforms) = postSolution
		{7A1573FC-6827-4900-AA2F-65DB92C0A317}.Debug|Any CPU.ActiveCfg = Debug|Any CPU
		{7A1573FC-6827-4900-AA2F-65DB92C0A317}.Debug|Any CPU.Build.0 = Debug|Any CPU
		{7A1573FC-6827-4900-AA2F-65DB92C0A317}.Release|Any CPU.ActiveCfg = Release|Any CPU
		{7A1573FC-6827-4900-AA2F-65DB92C0A317}.Release|Any CPU.Build.0 = Release|Any CPU
		{E7495820-54A3-4EE3-9CCA-365C789C949D}.Debug|Any CPU.ActiveCfg = Debug|Any CPU
		{E7495820-54A3-4EE3-9CCA-365C789C949D}.Debug|Any CPU.Build.0 = Debug|Any CPU
		{E7495820-54A3-4EE3-9CCA-365C789C949D}.Release|Any CPU.ActiveCfg = Release|Any CPU
		{E7495820-54A3-4EE3-9CCA-365C789C949D}.Release|Any CPU.Build.0 = Release|Any CPU
	EndGlobalSection
EndGlobal
