
Microsoft Visual Studio Solution File, Format Version 12.00
# Visual Studio Version 16
VisualStudioVersion = 16.0.30114.105
MinimumVisualStudioVersion = 10.0.40219.1
Project("{FAE04EC0-301F-11D3-BF4B-00C04F79EFBC}") = "Template.Generated.Server", "Template.Generated.Server\Template.Generated.Server.csproj", "{D4B96CA3-B07A-4B8D-9DE0-68CA5B3416F2}"
EndProject
Project("{FAE04EC0-301F-11D3-BF4B-00C04F79EFBC}") = "Template.Presentation", "Template.Presentation\Template.Presentation.csproj", "{7C3DE657-F76B-4355-B01A-98E03864A0FA}"
EndProject
Global
	GlobalSection(SolutionConfigurationPlatforms) = preSolution
		Debug|Any CPU = Debug|Any CPU
		Release|Any CPU = Release|Any CPU
	EndGlobalSection
	GlobalSection(SolutionProperties) = preSolution
		HideSolutionNode = FALSE
	EndGlobalSection
	GlobalSection(ProjectConfigurationPlatforms) = postSolution
		{D4B96CA3-B07A-4B8D-9DE0-68CA5B3416F2}.Debug|Any CPU.ActiveCfg = Debug|Any CPU
		{D4B96CA3-B07A-4B8D-9DE0-68CA5B3416F2}.Debug|Any CPU.Build.0 = Debug|Any CPU
		{D4B96CA3-B07A-4B8D-9DE0-68CA5B3416F2}.Release|Any CPU.ActiveCfg = Release|Any CPU
		{D4B96CA3-B07A-4B8D-9DE0-68CA5B3416F2}.Release|Any CPU.Build.0 = Release|Any CPU
		{7C3DE657-F76B-4355-B01A-98E03864A0FA}.Debug|Any CPU.ActiveCfg = Debug|Any CPU
		{7C3DE657-F76B-4355-B01A-98E03864A0FA}.Debug|Any CPU.Build.0 = Debug|Any CPU
		{7C3DE657-F76B-4355-B01A-98E03864A0FA}.Release|Any CPU.ActiveCfg = Release|Any CPU
		{7C3DE657-F76B-4355-B01A-98E03864A0FA}.Release|Any CPU.Build.0 = Release|Any CPU
	EndGlobalSection
EndGlobal
